
Microsoft Visual Studio Solution File, Format Version 12.00
# Visual Studio 14
VisualStudioVersion = 14.0.24720.0
MinimumVisualStudioVersion = 10.0.40219.1
Project("{2150E333-8FDC-42A3-9474-1A3956D46DE8}") = "OsVersionAPI", "OsVersionAPI", "{E7065F00-6C6C-47CE-AFA1-8FF9321C95FA}"
EndProject
Project("{FAE04EC0-301F-11D3-BF4B-00C04F79EFBC}") = "OsVersionAPI.Core", "OsVersionAPI\OsVersionAPI.Core.csproj", "{C20931C7-D392-4BF4-B379-FA747C2D6D27}"
EndProject
Project("{FAE04EC0-301F-11D3-BF4B-00C04F79EFBC}") = "OsVersionAPI.Droid", "OsVersionAPI.Droid\OsVersionAPI.Droid.csproj", "{2A15FF05-191E-4E81-89B9-D56F0A4214AB}"
EndProject
Project("{FAE04EC0-301F-11D3-BF4B-00C04F79EFBC}") = "OsVersionAPI.iOS", "OsVersionAPI.iOS\OsVersionAPI.iOS.csproj", "{80EB4A7E-F4D7-49F8-A9EE-2EDA2745F24E}"
EndProject
Project("{FAE04EC0-301F-11D3-BF4B-00C04F79EFBC}") = "OsVersionAPI.UWP", "OsVersionAPI.UWP\OsVersionAPI.UWP.csproj", "{3D82827B-03CF-4101-9109-4A91082B1488}"
EndProject
Project("{FAE04EC0-301F-11D3-BF4B-00C04F79EFBC}") = "NativePcl.UWP", "NativePcl.UWP\NativePcl.UWP.csproj", "{B3F87934-1F98-4498-829E-292D1E5D3AC4}"
EndProject
Project("{FAE04EC0-301F-11D3-BF4B-00C04F79EFBC}") = "NativePcl.Core", "NativePcl.Core\NativePcl.Core.csproj", "{0DCF1FE0-C76F-4C57-88A9-6E89E1E1F497}"
EndProject
Project("{FAE04EC0-301F-11D3-BF4B-00C04F79EFBC}") = "NativePcl.Droid", "NativePcl.Droid\NativePcl.Droid.csproj", "{30A45CDF-1C46-4893-A27C-4895B819DDDD}"
EndProject
Project("{FAE04EC0-301F-11D3-BF4B-00C04F79EFBC}") = "NativePcl.iOS", "NativePcl.iOS\NativePcl.iOS.csproj", "{BDAEEAF8-7E38-43F8-AD7C-D5840965B3D8}"
EndProject
Global
	GlobalSection(SolutionConfigurationPlatforms) = preSolution
		Debug|Any CPU = Debug|Any CPU
		Debug|ARM = Debug|ARM
		Debug|iPhone = Debug|iPhone
		Debug|iPhoneSimulator = Debug|iPhoneSimulator
		Debug|x64 = Debug|x64
		Debug|x86 = Debug|x86
		Release|Any CPU = Release|Any CPU
		Release|ARM = Release|ARM
		Release|iPhone = Release|iPhone
		Release|iPhoneSimulator = Release|iPhoneSimulator
		Release|x64 = Release|x64
		Release|x86 = Release|x86
	EndGlobalSection
	GlobalSection(ProjectConfigurationPlatforms) = postSolution
		{C20931C7-D392-4BF4-B379-FA747C2D6D27}.Debug|Any CPU.ActiveCfg = Debug|Any CPU
		{C20931C7-D392-4BF4-B379-FA747C2D6D27}.Debug|Any CPU.Build.0 = Debug|Any CPU
		{C20931C7-D392-4BF4-B379-FA747C2D6D27}.Debug|ARM.ActiveCfg = Debug|Any CPU
		{C20931C7-D392-4BF4-B379-FA747C2D6D27}.Debug|ARM.Build.0 = Debug|Any CPU
		{C20931C7-D392-4BF4-B379-FA747C2D6D27}.Debug|iPhone.ActiveCfg = Debug|Any CPU
		{C20931C7-D392-4BF4-B379-FA747C2D6D27}.Debug|iPhone.Build.0 = Debug|Any CPU
		{C20931C7-D392-4BF4-B379-FA747C2D6D27}.Debug|iPhoneSimulator.ActiveCfg = Debug|Any CPU
		{C20931C7-D392-4BF4-B379-FA747C2D6D27}.Debug|iPhoneSimulator.Build.0 = Debug|Any CPU
		{C20931C7-D392-4BF4-B379-FA747C2D6D27}.Debug|x64.ActiveCfg = Debug|Any CPU
		{C20931C7-D392-4BF4-B379-FA747C2D6D27}.Debug|x64.Build.0 = Debug|Any CPU
		{C20931C7-D392-4BF4-B379-FA747C2D6D27}.Debug|x86.ActiveCfg = Debug|Any CPU
		{C20931C7-D392-4BF4-B379-FA747C2D6D27}.Debug|x86.Build.0 = Debug|Any CPU
		{C20931C7-D392-4BF4-B379-FA747C2D6D27}.Release|Any CPU.ActiveCfg = Release|Any CPU
		{C20931C7-D392-4BF4-B379-FA747C2D6D27}.Release|Any CPU.Build.0 = Release|Any CPU
		{C20931C7-D392-4BF4-B379-FA747C2D6D27}.Release|ARM.ActiveCfg = Release|Any CPU
		{C20931C7-D392-4BF4-B379-FA747C2D6D27}.Release|ARM.Build.0 = Release|Any CPU
		{C20931C7-D392-4BF4-B379-FA747C2D6D27}.Release|iPhone.ActiveCfg = Release|Any CPU
		{C20931C7-D392-4BF4-B379-FA747C2D6D27}.Release|iPhone.Build.0 = Release|Any CPU
		{C20931C7-D392-4BF4-B379-FA747C2D6D27}.Release|iPhoneSimulator.ActiveCfg = Release|Any CPU
		{C20931C7-D392-4BF4-B379-FA747C2D6D27}.Release|iPhoneSimulator.Build.0 = Release|Any CPU
		{C20931C7-D392-4BF4-B379-FA747C2D6D27}.Release|x64.ActiveCfg = Release|Any CPU
		{C20931C7-D392-4BF4-B379-FA747C2D6D27}.Release|x64.Build.0 = Release|Any CPU
		{C20931C7-D392-4BF4-B379-FA747C2D6D27}.Release|x86.ActiveCfg = Release|Any CPU
		{C20931C7-D392-4BF4-B379-FA747C2D6D27}.Release|x86.Build.0 = Release|Any CPU
		{2A15FF05-191E-4E81-89B9-D56F0A4214AB}.Debug|Any CPU.ActiveCfg = Debug|Any CPU
		{2A15FF05-191E-4E81-89B9-D56F0A4214AB}.Debug|Any CPU.Build.0 = Debug|Any CPU
		{2A15FF05-191E-4E81-89B9-D56F0A4214AB}.Debug|ARM.ActiveCfg = Debug|Any CPU
		{2A15FF05-191E-4E81-89B9-D56F0A4214AB}.Debug|ARM.Build.0 = Debug|Any CPU
		{2A15FF05-191E-4E81-89B9-D56F0A4214AB}.Debug|iPhone.ActiveCfg = Debug|Any CPU
		{2A15FF05-191E-4E81-89B9-D56F0A4214AB}.Debug|iPhone.Build.0 = Debug|Any CPU
		{2A15FF05-191E-4E81-89B9-D56F0A4214AB}.Debug|iPhoneSimulator.ActiveCfg = Debug|Any CPU
		{2A15FF05-191E-4E81-89B9-D56F0A4214AB}.Debug|iPhoneSimulator.Build.0 = Debug|Any CPU
		{2A15FF05-191E-4E81-89B9-D56F0A4214AB}.Debug|x64.ActiveCfg = Debug|Any CPU
		{2A15FF05-191E-4E81-89B9-D56F0A4214AB}.Debug|x64.Build.0 = Debug|Any CPU
		{2A15FF05-191E-4E81-89B9-D56F0A4214AB}.Debug|x86.ActiveCfg = Debug|Any CPU
		{2A15FF05-191E-4E81-89B9-D56F0A4214AB}.Debug|x86.Build.0 = Debug|Any CPU
		{2A15FF05-191E-4E81-89B9-D56F0A4214AB}.Release|Any CPU.ActiveCfg = Release|Any CPU
		{2A15FF05-191E-4E81-89B9-D56F0A4214AB}.Release|Any CPU.Build.0 = Release|Any CPU
		{2A15FF05-191E-4E81-89B9-D56F0A4214AB}.Release|ARM.ActiveCfg = Release|Any CPU
		{2A15FF05-191E-4E81-89B9-D56F0A4214AB}.Release|ARM.Build.0 = Release|Any CPU
		{2A15FF05-191E-4E81-89B9-D56F0A4214AB}.Release|iPhone.ActiveCfg = Release|Any CPU
		{2A15FF05-191E-4E81-89B9-D56F0A4214AB}.Release|iPhone.Build.0 = Release|Any CPU
		{2A15FF05-191E-4E81-89B9-D56F0A4214AB}.Release|iPhoneSimulator.ActiveCfg = Release|Any CPU
		{2A15FF05-191E-4E81-89B9-D56F0A4214AB}.Release|iPhoneSimulator.Build.0 = Release|Any CPU
		{2A15FF05-191E-4E81-89B9-D56F0A4214AB}.Release|x64.ActiveCfg = Release|Any CPU
		{2A15FF05-191E-4E81-89B9-D56F0A4214AB}.Release|x64.Build.0 = Release|Any CPU
		{2A15FF05-191E-4E81-89B9-D56F0A4214AB}.Release|x86.ActiveCfg = Release|Any CPU
		{2A15FF05-191E-4E81-89B9-D56F0A4214AB}.Release|x86.Build.0 = Release|Any CPU
		{80EB4A7E-F4D7-49F8-A9EE-2EDA2745F24E}.Debug|Any CPU.ActiveCfg = Debug|Any CPU
		{80EB4A7E-F4D7-49F8-A9EE-2EDA2745F24E}.Debug|Any CPU.Build.0 = Debug|Any CPU
		{80EB4A7E-F4D7-49F8-A9EE-2EDA2745F24E}.Debug|ARM.ActiveCfg = Debug|Any CPU
		{80EB4A7E-F4D7-49F8-A9EE-2EDA2745F24E}.Debug|ARM.Build.0 = Debug|Any CPU
		{80EB4A7E-F4D7-49F8-A9EE-2EDA2745F24E}.Debug|iPhone.ActiveCfg = Debug|Any CPU
		{80EB4A7E-F4D7-49F8-A9EE-2EDA2745F24E}.Debug|iPhone.Build.0 = Debug|Any CPU
		{80EB4A7E-F4D7-49F8-A9EE-2EDA2745F24E}.Debug|iPhoneSimulator.ActiveCfg = Debug|Any CPU
		{80EB4A7E-F4D7-49F8-A9EE-2EDA2745F24E}.Debug|iPhoneSimulator.Build.0 = Debug|Any CPU
		{80EB4A7E-F4D7-49F8-A9EE-2EDA2745F24E}.Debug|x64.ActiveCfg = Debug|Any CPU
		{80EB4A7E-F4D7-49F8-A9EE-2EDA2745F24E}.Debug|x64.Build.0 = Debug|Any CPU
		{80EB4A7E-F4D7-49F8-A9EE-2EDA2745F24E}.Debug|x86.ActiveCfg = Debug|Any CPU
		{80EB4A7E-F4D7-49F8-A9EE-2EDA2745F24E}.Debug|x86.Build.0 = Debug|Any CPU
		{80EB4A7E-F4D7-49F8-A9EE-2EDA2745F24E}.Release|Any CPU.ActiveCfg = Release|Any CPU
		{80EB4A7E-F4D7-49F8-A9EE-2EDA2745F24E}.Release|Any CPU.Build.0 = Release|Any CPU
		{80EB4A7E-F4D7-49F8-A9EE-2EDA2745F24E}.Release|ARM.ActiveCfg = Release|Any CPU
		{80EB4A7E-F4D7-49F8-A9EE-2EDA2745F24E}.Release|ARM.Build.0 = Release|Any CPU
		{80EB4A7E-F4D7-49F8-A9EE-2EDA2745F24E}.Release|iPhone.ActiveCfg = Release|Any CPU
		{80EB4A7E-F4D7-49F8-A9EE-2EDA2745F24E}.Release|iPhone.Build.0 = Release|Any CPU
		{80EB4A7E-F4D7-49F8-A9EE-2EDA2745F24E}.Release|iPhoneSimulator.ActiveCfg = Release|Any CPU
		{80EB4A7E-F4D7-49F8-A9EE-2EDA2745F24E}.Release|iPhoneSimulator.Build.0 = Release|Any CPU
		{80EB4A7E-F4D7-49F8-A9EE-2EDA2745F24E}.Release|x64.ActiveCfg = Release|Any CPU
		{80EB4A7E-F4D7-49F8-A9EE-2EDA2745F24E}.Release|x64.Build.0 = Release|Any CPU
		{80EB4A7E-F4D7-49F8-A9EE-2EDA2745F24E}.Release|x86.ActiveCfg = Release|Any CPU
		{80EB4A7E-F4D7-49F8-A9EE-2EDA2745F24E}.Release|x86.Build.0 = Release|Any CPU
		{3D82827B-03CF-4101-9109-4A91082B1488}.Debug|Any CPU.ActiveCfg = Debug|Any CPU
		{3D82827B-03CF-4101-9109-4A91082B1488}.Debug|Any CPU.Build.0 = Debug|Any CPU
		{3D82827B-03CF-4101-9109-4A91082B1488}.Debug|ARM.ActiveCfg = Debug|ARM
		{3D82827B-03CF-4101-9109-4A91082B1488}.Debug|ARM.Build.0 = Debug|ARM
		{3D82827B-03CF-4101-9109-4A91082B1488}.Debug|iPhone.ActiveCfg = Debug|Any CPU
		{3D82827B-03CF-4101-9109-4A91082B1488}.Debug|iPhoneSimulator.ActiveCfg = Debug|Any CPU
		{3D82827B-03CF-4101-9109-4A91082B1488}.Debug|x64.ActiveCfg = Debug|x64
		{3D82827B-03CF-4101-9109-4A91082B1488}.Debug|x64.Build.0 = Debug|x64
		{3D82827B-03CF-4101-9109-4A91082B1488}.Debug|x86.ActiveCfg = Debug|x86
		{3D82827B-03CF-4101-9109-4A91082B1488}.Debug|x86.Build.0 = Debug|x86
		{3D82827B-03CF-4101-9109-4A91082B1488}.Release|Any CPU.ActiveCfg = Release|Any CPU
		{3D82827B-03CF-4101-9109-4A91082B1488}.Release|Any CPU.Build.0 = Release|Any CPU
		{3D82827B-03CF-4101-9109-4A91082B1488}.Release|ARM.ActiveCfg = Release|ARM
		{3D82827B-03CF-4101-9109-4A91082B1488}.Release|ARM.Build.0 = Release|ARM
		{3D82827B-03CF-4101-9109-4A91082B1488}.Release|iPhone.ActiveCfg = Release|Any CPU
		{3D82827B-03CF-4101-9109-4A91082B1488}.Release|iPhoneSimulator.ActiveCfg = Release|Any CPU
		{3D82827B-03CF-4101-9109-4A91082B1488}.Release|x64.ActiveCfg = Release|x64
		{3D82827B-03CF-4101-9109-4A91082B1488}.Release|x64.Build.0 = Release|x64
		{3D82827B-03CF-4101-9109-4A91082B1488}.Release|x86.ActiveCfg = Release|x86
		{3D82827B-03CF-4101-9109-4A91082B1488}.Release|x86.Build.0 = Release|x86
		{B3F87934-1F98-4498-829E-292D1E5D3AC4}.Debug|Any CPU.ActiveCfg = Debug|x86
		{B3F87934-1F98-4498-829E-292D1E5D3AC4}.Debug|ARM.ActiveCfg = Debug|ARM
		{B3F87934-1F98-4498-829E-292D1E5D3AC4}.Debug|ARM.Build.0 = Debug|ARM
		{B3F87934-1F98-4498-829E-292D1E5D3AC4}.Debug|ARM.Deploy.0 = Debug|ARM
		{B3F87934-1F98-4498-829E-292D1E5D3AC4}.Debug|iPhone.ActiveCfg = Debug|x86
		{B3F87934-1F98-4498-829E-292D1E5D3AC4}.Debug|iPhoneSimulator.ActiveCfg = Debug|x86
		{B3F87934-1F98-4498-829E-292D1E5D3AC4}.Debug|x64.ActiveCfg = Debug|x64
		{B3F87934-1F98-4498-829E-292D1E5D3AC4}.Debug|x64.Build.0 = Debug|x64
		{B3F87934-1F98-4498-829E-292D1E5D3AC4}.Debug|x64.Deploy.0 = Debug|x64
		{B3F87934-1F98-4498-829E-292D1E5D3AC4}.Debug|x86.ActiveCfg = Debug|x86
		{B3F87934-1F98-4498-829E-292D1E5D3AC4}.Debug|x86.Build.0 = Debug|x86
		{B3F87934-1F98-4498-829E-292D1E5D3AC4}.Debug|x86.Deploy.0 = Debug|x86
		{B3F87934-1F98-4498-829E-292D1E5D3AC4}.Release|Any CPU.ActiveCfg = Release|x86
		{B3F87934-1F98-4498-829E-292D1E5D3AC4}.Release|Any CPU.Build.0 = Release|x86
		{B3F87934-1F98-4498-829E-292D1E5D3AC4}.Release|Any CPU.Deploy.0 = Release|x86
		{B3F87934-1F98-4498-829E-292D1E5D3AC4}.Release|ARM.ActiveCfg = Release|ARM
		{B3F87934-1F98-4498-829E-292D1E5D3AC4}.Release|ARM.Build.0 = Release|ARM
		{B3F87934-1F98-4498-829E-292D1E5D3AC4}.Release|ARM.Deploy.0 = Release|ARM
		{B3F87934-1F98-4498-829E-292D1E5D3AC4}.Release|iPhone.ActiveCfg = Release|x86
		{B3F87934-1F98-4498-829E-292D1E5D3AC4}.Release|iPhoneSimulator.ActiveCfg = Release|x86
		{B3F87934-1F98-4498-829E-292D1E5D3AC4}.Release|x64.ActiveCfg = Release|x64
		{B3F87934-1F98-4498-829E-292D1E5D3AC4}.Release|x64.Build.0 = Release|x64
		{B3F87934-1F98-4498-829E-292D1E5D3AC4}.Release|x64.Deploy.0 = Release|x64
		{B3F87934-1F98-4498-829E-292D1E5D3AC4}.Release|x86.ActiveCfg = Release|x86
		{B3F87934-1F98-4498-829E-292D1E5D3AC4}.Release|x86.Build.0 = Release|x86
		{B3F87934-1F98-4498-829E-292D1E5D3AC4}.Release|x86.Deploy.0 = Release|x86
		{0DCF1FE0-C76F-4C57-88A9-6E89E1E1F497}.Debug|Any CPU.ActiveCfg = Debug|Any CPU
		{0DCF1FE0-C76F-4C57-88A9-6E89E1E1F497}.Debug|Any CPU.Build.0 = Debug|Any CPU
		{0DCF1FE0-C76F-4C57-88A9-6E89E1E1F497}.Debug|ARM.ActiveCfg = Debug|Any CPU
		{0DCF1FE0-C76F-4C57-88A9-6E89E1E1F497}.Debug|ARM.Build.0 = Debug|Any CPU
		{0DCF1FE0-C76F-4C57-88A9-6E89E1E1F497}.Debug|iPhone.ActiveCfg = Debug|Any CPU
		{0DCF1FE0-C76F-4C57-88A9-6E89E1E1F497}.Debug|iPhone.Build.0 = Debug|Any CPU
		{0DCF1FE0-C76F-4C57-88A9-6E89E1E1F497}.Debug|iPhoneSimulator.ActiveCfg = Debug|Any CPU
		{0DCF1FE0-C76F-4C57-88A9-6E89E1E1F497}.Debug|iPhoneSimulator.Build.0 = Debug|Any CPU
		{0DCF1FE0-C76F-4C57-88A9-6E89E1E1F497}.Debug|x64.ActiveCfg = Debug|Any CPU
		{0DCF1FE0-C76F-4C57-88A9-6E89E1E1F497}.Debug|x64.Build.0 = Debug|Any CPU
		{0DCF1FE0-C76F-4C57-88A9-6E89E1E1F497}.Debug|x86.ActiveCfg = Debug|Any CPU
		{0DCF1FE0-C76F-4C57-88A9-6E89E1E1F497}.Debug|x86.Build.0 = Debug|Any CPU
		{0DCF1FE0-C76F-4C57-88A9-6E89E1E1F497}.Release|Any CPU.ActiveCfg = Release|Any CPU
		{0DCF1FE0-C76F-4C57-88A9-6E89E1E1F497}.Release|Any CPU.Build.0 = Release|Any CPU
		{0DCF1FE0-C76F-4C57-88A9-6E89E1E1F497}.Release|ARM.ActiveCfg = Release|Any CPU
		{0DCF1FE0-C76F-4C57-88A9-6E89E1E1F497}.Release|ARM.Build.0 = Release|Any CPU
		{0DCF1FE0-C76F-4C57-88A9-6E89E1E1F497}.Release|iPhone.ActiveCfg = Release|Any CPU
		{0DCF1FE0-C76F-4C57-88A9-6E89E1E1F497}.Release|iPhone.Build.0 = Release|Any CPU
		{0DCF1FE0-C76F-4C57-88A9-6E89E1E1F497}.Release|iPhoneSimulator.ActiveCfg = Release|Any CPU
		{0DCF1FE0-C76F-4C57-88A9-6E89E1E1F497}.Release|iPhoneSimulator.Build.0 = Release|Any CPU
		{0DCF1FE0-C76F-4C57-88A9-6E89E1E1F497}.Release|x64.ActiveCfg = Release|Any CPU
		{0DCF1FE0-C76F-4C57-88A9-6E89E1E1F497}.Release|x64.Build.0 = Release|Any CPU
		{0DCF1FE0-C76F-4C57-88A9-6E89E1E1F497}.Release|x86.ActiveCfg = Release|Any CPU
		{0DCF1FE0-C76F-4C57-88A9-6E89E1E1F497}.Release|x86.Build.0 = Release|Any CPU
		{30A45CDF-1C46-4893-A27C-4895B819DDDD}.Debug|Any CPU.ActiveCfg = Debug|Any CPU
		{30A45CDF-1C46-4893-A27C-4895B819DDDD}.Debug|Any CPU.Build.0 = Debug|Any CPU
		{30A45CDF-1C46-4893-A27C-4895B819DDDD}.Debug|Any CPU.Deploy.0 = Debug|Any CPU
		{30A45CDF-1C46-4893-A27C-4895B819DDDD}.Debug|ARM.ActiveCfg = Debug|Any CPU
		{30A45CDF-1C46-4893-A27C-4895B819DDDD}.Debug|ARM.Build.0 = Debug|Any CPU
		{30A45CDF-1C46-4893-A27C-4895B819DDDD}.Debug|ARM.Deploy.0 = Debug|Any CPU
		{30A45CDF-1C46-4893-A27C-4895B819DDDD}.Debug|iPhone.ActiveCfg = Debug|Any CPU
		{30A45CDF-1C46-4893-A27C-4895B819DDDD}.Debug|iPhone.Build.0 = Debug|Any CPU
		{30A45CDF-1C46-4893-A27C-4895B819DDDD}.Debug|iPhoneSimulator.ActiveCfg = Debug|Any CPU
		{30A45CDF-1C46-4893-A27C-4895B819DDDD}.Debug|iPhoneSimulator.Build.0 = Debug|Any CPU
		{30A45CDF-1C46-4893-A27C-4895B819DDDD}.Debug|x64.ActiveCfg = Debug|Any CPU
		{30A45CDF-1C46-4893-A27C-4895B819DDDD}.Debug|x64.Build.0 = Debug|Any CPU
		{30A45CDF-1C46-4893-A27C-4895B819DDDD}.Debug|x64.Deploy.0 = Debug|Any CPU
		{30A45CDF-1C46-4893-A27C-4895B819DDDD}.Debug|x86.ActiveCfg = Debug|Any CPU
		{30A45CDF-1C46-4893-A27C-4895B819DDDD}.Debug|x86.Build.0 = Debug|Any CPU
		{30A45CDF-1C46-4893-A27C-4895B819DDDD}.Debug|x86.Deploy.0 = Debug|Any CPU
		{30A45CDF-1C46-4893-A27C-4895B819DDDD}.Release|Any CPU.ActiveCfg = Release|Any CPU
		{30A45CDF-1C46-4893-A27C-4895B819DDDD}.Release|Any CPU.Build.0 = Release|Any CPU
		{30A45CDF-1C46-4893-A27C-4895B819DDDD}.Release|Any CPU.Deploy.0 = Release|Any CPU
		{30A45CDF-1C46-4893-A27C-4895B819DDDD}.Release|ARM.ActiveCfg = Release|Any CPU
		{30A45CDF-1C46-4893-A27C-4895B819DDDD}.Release|ARM.Build.0 = Release|Any CPU
		{30A45CDF-1C46-4893-A27C-4895B819DDDD}.Release|ARM.Deploy.0 = Release|Any CPU
		{30A45CDF-1C46-4893-A27C-4895B819DDDD}.Release|iPhone.ActiveCfg = Release|Any CPU
		{30A45CDF-1C46-4893-A27C-4895B819DDDD}.Release|iPhone.Build.0 = Release|Any CPU
		{30A45CDF-1C46-4893-A27C-4895B819DDDD}.Release|iPhoneSimulator.ActiveCfg = Release|Any CPU
		{30A45CDF-1C46-4893-A27C-4895B819DDDD}.Release|iPhoneSimulator.Build.0 = Release|Any CPU
		{30A45CDF-1C46-4893-A27C-4895B819DDDD}.Release|x64.ActiveCfg = Release|Any CPU
		{30A45CDF-1C46-4893-A27C-4895B819DDDD}.Release|x64.Build.0 = Release|Any CPU
		{30A45CDF-1C46-4893-A27C-4895B819DDDD}.Release|x64.Deploy.0 = Release|Any CPU
		{30A45CDF-1C46-4893-A27C-4895B819DDDD}.Release|x86.ActiveCfg = Release|Any CPU
		{30A45CDF-1C46-4893-A27C-4895B819DDDD}.Release|x86.Build.0 = Release|Any CPU
		{30A45CDF-1C46-4893-A27C-4895B819DDDD}.Release|x86.Deploy.0 = Release|Any CPU
		{BDAEEAF8-7E38-43F8-AD7C-D5840965B3D8}.Debug|Any CPU.ActiveCfg = Debug|iPhoneSimulator
		{BDAEEAF8-7E38-43F8-AD7C-D5840965B3D8}.Debug|Any CPU.Build.0 = Debug|iPhoneSimulator
		{BDAEEAF8-7E38-43F8-AD7C-D5840965B3D8}.Debug|ARM.ActiveCfg = Debug|iPhoneSimulator
		{BDAEEAF8-7E38-43F8-AD7C-D5840965B3D8}.Debug|ARM.Build.0 = Debug|iPhoneSimulator
		{BDAEEAF8-7E38-43F8-AD7C-D5840965B3D8}.Debug|iPhone.ActiveCfg = Debug|iPhone
		{BDAEEAF8-7E38-43F8-AD7C-D5840965B3D8}.Debug|iPhone.Build.0 = Debug|iPhone
		{BDAEEAF8-7E38-43F8-AD7C-D5840965B3D8}.Debug|iPhoneSimulator.ActiveCfg = Debug|iPhoneSimulator
		{BDAEEAF8-7E38-43F8-AD7C-D5840965B3D8}.Debug|iPhoneSimulator.Build.0 = Debug|iPhoneSimulator
		{BDAEEAF8-7E38-43F8-AD7C-D5840965B3D8}.Debug|x64.ActiveCfg = Debug|iPhoneSimulator
		{BDAEEAF8-7E38-43F8-AD7C-D5840965B3D8}.Debug|x64.Build.0 = Debug|iPhoneSimulator
		{BDAEEAF8-7E38-43F8-AD7C-D5840965B3D8}.Debug|x86.ActiveCfg = Debug|iPhoneSimulator
		{BDAEEAF8-7E38-43F8-AD7C-D5840965B3D8}.Debug|x86.Build.0 = Debug|iPhoneSimulator
		{BDAEEAF8-7E38-43F8-AD7C-D5840965B3D8}.Release|Any CPU.ActiveCfg = Release|iPhone
		{BDAEEAF8-7E38-43F8-AD7C-D5840965B3D8}.Release|Any CPU.Build.0 = Release|iPhone
		{BDAEEAF8-7E38-43F8-AD7C-D5840965B3D8}.Release|ARM.ActiveCfg = Release|iPhone
		{BDAEEAF8-7E38-43F8-AD7C-D5840965B3D8}.Release|ARM.Build.0 = Release|iPhone
		{BDAEEAF8-7E38-43F8-AD7C-D5840965B3D8}.Release|iPhone.ActiveCfg = Release|iPhone
		{BDAEEAF8-7E38-43F8-AD7C-D5840965B3D8}.Release|iPhone.Build.0 = Release|iPhone
		{BDAEEAF8-7E38-43F8-AD7C-D5840965B3D8}.Release|iPhoneSimulator.ActiveCfg = Release|iPhoneSimulator
		{BDAEEAF8-7E38-43F8-AD7C-D5840965B3D8}.Release|iPhoneSimulator.Build.0 = Release|iPhoneSimulator
		{BDAEEAF8-7E38-43F8-AD7C-D5840965B3D8}.Release|x64.ActiveCfg = Release|iPhone
		{BDAEEAF8-7E38-43F8-AD7C-D5840965B3D8}.Release|x64.Build.0 = Release|iPhone
		{BDAEEAF8-7E38-43F8-AD7C-D5840965B3D8}.Release|x86.ActiveCfg = Release|iPhone
		{BDAEEAF8-7E38-43F8-AD7C-D5840965B3D8}.Release|x86.Build.0 = Release|iPhone
	EndGlobalSection
	GlobalSection(SolutionProperties) = preSolution
		HideSolutionNode = FALSE
	EndGlobalSection
	GlobalSection(NestedProjects) = preSolution
		{C20931C7-D392-4BF4-B379-FA747C2D6D27} = {E7065F00-6C6C-47CE-AFA1-8FF9321C95FA}
		{2A15FF05-191E-4E81-89B9-D56F0A4214AB} = {E7065F00-6C6C-47CE-AFA1-8FF9321C95FA}
		{80EB4A7E-F4D7-49F8-A9EE-2EDA2745F24E} = {E7065F00-6C6C-47CE-AFA1-8FF9321C95FA}
		{3D82827B-03CF-4101-9109-4A91082B1488} = {E7065F00-6C6C-47CE-AFA1-8FF9321C95FA}
	EndGlobalSection
EndGlobal
